# THIS IS AN AUTOGENERATED FILE. DO NOT EDIT THIS FILE DIRECTLY.
# yarn lockfile v1


"@antv/f2@~3.1.15":
  version "3.1.21"
  resolved "http://registry.npm.taobao.org/@antv/f2/download/@antv/f2-3.1.21.tgz#912713ad33c1f2b530f308902d4e35b645f2f909"
  integrity sha1-kScTrTPB8rUw8wiQLU41tkXy+Qk=
  dependencies:
    fecha "~2.3.1"
    hammerjs "^2.0.8"

"@antv/my-f2@1.0.0":
  version "1.0.0"
  resolved "http://registry.npm.taobao.org/@antv/my-f2/download/@antv/my-f2-1.0.0.tgz#d39502615bd1b5e74f3f771da3d1b8c6defbb746"
  integrity sha1-05UCYVvRtedPP3cdo9G4xt77t0Y=
  dependencies:
    "@antv/f2" "~3.1.15"
    wolfy87-eventemitter "^5.2.4"

dd-charts@^1.0.5:
  version "1.0.5"
  resolved "http://registry.npm.taobao.org/dd-charts/download/dd-charts-1.0.5.tgz#a3ac5796c38a3fc77326297cb43b83cef5f93a20"
  integrity sha1-o6xXlsOKP8dzJil8tDuDzvX5OiA=
  dependencies:
    "@antv/my-f2" "1.0.0"

fecha@~2.3.1:
  version "2.3.3"
  resolved "http://registry.npm.taobao.org/fecha/download/fecha-2.3.3.tgz#948e74157df1a32fd1b12c3a3c3cdcb6ec9d96cd"
  integrity sha1-lI50FX3xoy/RsSw6PDzctuydls0=

hammerjs@^2.0.8:
  version "2.0.8"
  resolved "http://registry.npm.taobao.org/hammerjs/download/hammerjs-2.0.8.tgz#04ef77862cff2bb79d30f7692095930222bf60f1"
  integrity sha1-BO93hiz/K7edMPdpIJWTAiK/YPE=

mini-ddui@^0.0.5:
  version "0.0.5"
  resolved "http://registry.npm.taobao.org/mini-ddui/download/mini-ddui-0.0.5.tgz#b66b52b518be3bd180a78f740515558f2343c2e2"
  integrity sha1-tmtStRi+O9GAp490BRVVjyNDwuI=

wolfy87-eventemitter@^5.2.4:
  version "5.2.5"
  resolved "http://registry.npm.taobao.org/wolfy87-eventemitter/download/wolfy87-eventemitter-5.2.5.tgz#e7af2adbb84e481c65edeb2a2e01032c8ff1b88f"
  integrity sha1-568q27hOSBxl7esqLgEDLI/xuI8=
